
Microsoft Visual Studio Solution File, Format Version 12.00
# Visual Studio Version 17
VisualStudioVersion = 17.14.36408.4 d17.14
MinimumVisualStudioVersion = 10.0.40219.1
Project("{FAE04EC0-301F-11D3-BF4B-00C04F79EFBC}") = "SemanticKernelApp", "SemanticKernelApp\SemanticKernelApp.csproj", "{D6048802-DE40-4F8C-ABE2-1DA474F03156}"
EndProject
Global
	GlobalSection(SolutionConfigurationPlatforms) = preSolution
		Debug|Any CPU = Debug|Any CPU
		Release|Any CPU = Release|Any CPU
	EndGlobalSection
	GlobalSection(ProjectConfigurationPlatforms) = postSolution
		{D6048802-DE40-4F8C-ABE2-1DA474F03156}.Debug|Any CPU.ActiveCfg = Debug|Any CPU
		{D6048802-DE40-4F8C-ABE2-1DA474F03156}.Debug|Any CPU.Build.0 = Debug|Any CPU
		{D6048802-DE40-4F8C-ABE2-1DA474F03156}.Release|Any CPU.ActiveCfg = Release|Any CPU
		{D6048802-DE40-4F8C-ABE2-1DA474F03156}.Release|Any CPU.Build.0 = Release|Any CPU
	EndGlobalSection
	GlobalSection(SolutionProperties) = preSolution
		HideSolutionNode = FALSE
	EndGlobalSection
	GlobalSection(ExtensibilityGlobals) = postSolution
		SolutionGuid = {6A2D5ACD-A5DD-4EEF-A15F-6A63334991A2}
	EndGlobalSection
EndGlobal
